
Microsoft Visual Studio Solution File, Format Version 12.00
# Visual Studio Version 17
VisualStudioVersion = 17.5.33530.505
MinimumVisualStudioVersion = 10.0.40219.1
Project("{FAE04EC0-301F-11D3-BF4B-00C04F79EFBC}") = "SuperHero-API", "SuperHero-API\SuperHero-API.csproj", "{461478EC-617B-4DB7-B87E-7B3FA84B6620}"
EndProject
Global
	GlobalSection(SolutionConfigurationPlatforms) = preSolution
		Debug|Any CPU = Debug|Any CPU
		Release|Any CPU = Release|Any CPU
	EndGlobalSection
	GlobalSection(ProjectConfigurationPlatforms) = postSolution
		{461478EC-617B-4DB7-B87E-7B3FA84B6620}.Debug|Any CPU.ActiveCfg = Debug|Any CPU
		{461478EC-617B-4DB7-B87E-7B3FA84B6620}.Debug|Any CPU.Build.0 = Debug|Any CPU
		{461478EC-617B-4DB7-B87E-7B3FA84B6620}.Release|Any CPU.ActiveCfg = Release|Any CPU
		{461478EC-617B-4DB7-B87E-7B3FA84B6620}.Release|Any CPU.Build.0 = Release|Any CPU
	EndGlobalSection
	GlobalSection(SolutionProperties) = preSolution
		HideSolutionNode = FALSE
	EndGlobalSection
	GlobalSection(ExtensibilityGlobals) = postSolution
		SolutionGuid = {48B52FF8-C317-4584-B35C-BA786625ABB9}
	EndGlobalSection
EndGlobal
